
Microsoft Visual Studio Solution File, Format Version 12.00
# Visual Studio Version 16
VisualStudioVersion = 16.0.30114.105
MinimumVisualStudioVersion = 10.0.40219.1
Project("{9A19103F-16F7-4668-BE54-9A1E7A4F7556}") = "Host", "PdfWriter\Host.csproj", "{7A8BA99D-1C11-4959-A8E9-C0F52A4ECEA8}"
EndProject
Project("{2150E333-8FDC-42A3-9474-1A3956D46DE8}") = "Solution Items", "Solution Items", "{5646381A-F315-46BE-BE2B-D1B558DCEDB9}"
	ProjectSection(SolutionItems) = preProject
		.editorconfig = .editorconfig
		Directory.Build.props = Directory.Build.props
	EndProjectSection
EndProject
Project("{2150E333-8FDC-42A3-9474-1A3956D46DE8}") = "Tests", "Tests", "{BD56AE85-1EE1-43D7-BBE2-A4FD9EE9FE61}"
EndProject
Project("{FAE04EC0-301F-11D3-BF4B-00C04F79EFBC}") = "Host.Tests", "Tests\Host.Tests\Host.Tests.csproj", "{A7505250-1AF7-4358-9F6C-5BF30B930EA5}"
EndProject
Global
	GlobalSection(SolutionConfigurationPlatforms) = preSolution
		Debug|Any CPU = Debug|Any CPU
		Release|Any CPU = Release|Any CPU
	EndGlobalSection
	GlobalSection(ProjectConfigurationPlatforms) = postSolution
		{7A8BA99D-1C11-4959-A8E9-C0F52A4ECEA8}.Debug|Any CPU.ActiveCfg = Debug|Any CPU
		{7A8BA99D-1C11-4959-A8E9-C0F52A4ECEA8}.Debug|Any CPU.Build.0 = Debug|Any CPU
		{7A8BA99D-1C11-4959-A8E9-C0F52A4ECEA8}.Release|Any CPU.ActiveCfg = Release|Any CPU
		{7A8BA99D-1C11-4959-A8E9-C0F52A4ECEA8}.Release|Any CPU.Build.0 = Release|Any CPU
		{A7505250-1AF7-4358-9F6C-5BF30B930EA5}.Debug|Any CPU.ActiveCfg = Debug|Any CPU
		{A7505250-1AF7-4358-9F6C-5BF30B930EA5}.Debug|Any CPU.Build.0 = Debug|Any CPU
		{A7505250-1AF7-4358-9F6C-5BF30B930EA5}.Release|Any CPU.ActiveCfg = Release|Any CPU
		{A7505250-1AF7-4358-9F6C-5BF30B930EA5}.Release|Any CPU.Build.0 = Release|Any CPU
	EndGlobalSection
	GlobalSection(SolutionProperties) = preSolution
		HideSolutionNode = FALSE
	EndGlobalSection
	GlobalSection(NestedProjects) = preSolution
		{A7505250-1AF7-4358-9F6C-5BF30B930EA5} = {BD56AE85-1EE1-43D7-BBE2-A4FD9EE9FE61}
	EndGlobalSection
	GlobalSection(ExtensibilityGlobals) = postSolution
		SolutionGuid = {1420E2EC-21A3-4E3E-BEFE-C0F875738218}
	EndGlobalSection
EndGlobal
